
Microsoft Visual Studio Solution File, Format Version 12.00
# Visual Studio 14
VisualStudioVersion = 14.0.24720.0
MinimumVisualStudioVersion = 10.0.40219.1
Project("{2150E333-8FDC-42A3-9474-1A3956D46DE8}") = ".nuget", ".nuget", "{FB0D8904-3526-4D06-82D4-FCB274B45AE5}"
	ProjectSection(SolutionItems) = preProject
		.nuget\NuGet.Config = .nuget\NuGet.Config
		.nuget\NuGet.exe = .nuget\NuGet.exe
		.nuget\NuGet.targets = .nuget\NuGet.targets
	EndProjectSection
EndProject
Project("{2150E333-8FDC-42A3-9474-1A3956D46DE8}") = "Blink.Apps", "Blink.Apps", "{BCF35A0C-A6C0-4446-A344-F7F097A19FC2}"
EndProject
Project("{2150E333-8FDC-42A3-9474-1A3956D46DE8}") = "Blink.Data", "Blink.Data", "{1F1FA127-D073-4DE3-B128-1623C058D2B0}"
EndProject
Project("{2150E333-8FDC-42A3-9474-1A3956D46DE8}") = "Solution Items", "Solution Items", "{5026C128-5127-4F9D-B0B8-DC2EEA55A83D}"
	ProjectSection(SolutionItems) = preProject
		Blink.blinkdb = Blink.blinkdb
		Blink.Notes.txt = Blink.Notes.txt
		Blink.queries = Blink.queries
		Blink.Tables.jpg = Blink.Tables.jpg
	EndProjectSection
EndProject
Project("{2150E333-8FDC-42A3-9474-1A3956D46DE8}") = "Blink.Host", "Blink.Host", "{A86A7466-99C2-414D-B9A0-69A03BE8BC3F}"
EndProject
Global
	GlobalSection(SolutionProperties) = preSolution
		HideSolutionNode = FALSE
	EndGlobalSection
EndGlobal
