
Microsoft Visual Studio Solution File, Format Version 12.00
# Visual Studio 2012
Project("{FAE04EC0-301F-11D3-BF4B-00C04F79EFBC}") = "Blink.Domain", "Shared\Domain\Blink.Domain.csproj", "{515F724D-3C95-453F-93B9-6B1CF64FE9C2}"
EndProject
Project("{2150E333-8FDC-42A3-9474-1A3956D46DE8}") = "Shared", "Shared", "{723D4AC7-52CF-4A83-B29C-F72768422EE3}"
EndProject
Project("{2150E333-8FDC-42A3-9474-1A3956D46DE8}") = "Apps", "Apps", "{4605E6AC-7D5D-41E9-BE16-7DFCA4F37BD5}"
EndProject
Project("{FAE04EC0-301F-11D3-BF4B-00C04F79EFBC}") = "Blink.Desktop", "Apps\Desktop\Blink.Desktop.csproj", "{7E82A7A2-C040-4453-B5BD-CC1861470227}"
EndProject
Project("{FAE04EC0-301F-11D3-BF4B-00C04F79EFBC}") = "Blink.Phone", "Apps\Phone\Blink.Phone.csproj", "{DEC67BE7-EC74-48E9-AE5E-A30B09C89021}"
EndProject
Project("{FAE04EC0-301F-11D3-BF4B-00C04F79EFBC}") = "Blink.Store", "Apps\Store\Blink.Store.csproj", "{072C4CA3-988B-4487-9080-E3187745ED50}"
EndProject
Project("{FAE04EC0-301F-11D3-BF4B-00C04F79EFBC}") = "Blink.Console", "Apps\Console\Blink.Console\Blink.Console.csproj", "{EC3B9C30-0158-4A60-9E18-B6BDC09FD79A}"
EndProject
Global
	GlobalSection(SolutionConfigurationPlatforms) = preSolution
		Debug|Any CPU = Debug|Any CPU
		Debug|ARM = Debug|ARM
		Debug|x64 = Debug|x64
		Debug|x86 = Debug|x86
		Release|Any CPU = Release|Any CPU
		Release|ARM = Release|ARM
		Release|x64 = Release|x64
		Release|x86 = Release|x86
	EndGlobalSection
	GlobalSection(ProjectConfigurationPlatforms) = postSolution
		{515F724D-3C95-453F-93B9-6B1CF64FE9C2}.Debug|Any CPU.ActiveCfg = Debug|Any CPU
		{515F724D-3C95-453F-93B9-6B1CF64FE9C2}.Debug|Any CPU.Build.0 = Debug|Any CPU
		{515F724D-3C95-453F-93B9-6B1CF64FE9C2}.Debug|ARM.ActiveCfg = Debug|Any CPU
		{515F724D-3C95-453F-93B9-6B1CF64FE9C2}.Debug|x64.ActiveCfg = Debug|Any CPU
		{515F724D-3C95-453F-93B9-6B1CF64FE9C2}.Debug|x86.ActiveCfg = Debug|Any CPU
		{515F724D-3C95-453F-93B9-6B1CF64FE9C2}.Release|Any CPU.ActiveCfg = Release|Any CPU
		{515F724D-3C95-453F-93B9-6B1CF64FE9C2}.Release|Any CPU.Build.0 = Release|Any CPU
		{515F724D-3C95-453F-93B9-6B1CF64FE9C2}.Release|ARM.ActiveCfg = Release|Any CPU
		{515F724D-3C95-453F-93B9-6B1CF64FE9C2}.Release|x64.ActiveCfg = Release|Any CPU
		{515F724D-3C95-453F-93B9-6B1CF64FE9C2}.Release|x86.ActiveCfg = Release|Any CPU
		{7E82A7A2-C040-4453-B5BD-CC1861470227}.Debug|Any CPU.ActiveCfg = Debug|Any CPU
		{7E82A7A2-C040-4453-B5BD-CC1861470227}.Debug|Any CPU.Build.0 = Debug|Any CPU
		{7E82A7A2-C040-4453-B5BD-CC1861470227}.Debug|ARM.ActiveCfg = Debug|Any CPU
		{7E82A7A2-C040-4453-B5BD-CC1861470227}.Debug|x64.ActiveCfg = Debug|Any CPU
		{7E82A7A2-C040-4453-B5BD-CC1861470227}.Debug|x86.ActiveCfg = Debug|Any CPU
		{7E82A7A2-C040-4453-B5BD-CC1861470227}.Release|Any CPU.ActiveCfg = Release|Any CPU
		{7E82A7A2-C040-4453-B5BD-CC1861470227}.Release|Any CPU.Build.0 = Release|Any CPU
		{7E82A7A2-C040-4453-B5BD-CC1861470227}.Release|ARM.ActiveCfg = Release|Any CPU
		{7E82A7A2-C040-4453-B5BD-CC1861470227}.Release|x64.ActiveCfg = Release|Any CPU
		{7E82A7A2-C040-4453-B5BD-CC1861470227}.Release|x86.ActiveCfg = Release|Any CPU
		{DEC67BE7-EC74-48E9-AE5E-A30B09C89021}.Debug|Any CPU.ActiveCfg = Debug|Any CPU
		{DEC67BE7-EC74-48E9-AE5E-A30B09C89021}.Debug|Any CPU.Build.0 = Debug|Any CPU
		{DEC67BE7-EC74-48E9-AE5E-A30B09C89021}.Debug|Any CPU.Deploy.0 = Debug|Any CPU
		{DEC67BE7-EC74-48E9-AE5E-A30B09C89021}.Debug|ARM.ActiveCfg = Debug|ARM
		{DEC67BE7-EC74-48E9-AE5E-A30B09C89021}.Debug|ARM.Build.0 = Debug|ARM
		{DEC67BE7-EC74-48E9-AE5E-A30B09C89021}.Debug|ARM.Deploy.0 = Debug|ARM
		{DEC67BE7-EC74-48E9-AE5E-A30B09C89021}.Debug|x64.ActiveCfg = Debug|Any CPU
		{DEC67BE7-EC74-48E9-AE5E-A30B09C89021}.Debug|x86.ActiveCfg = Debug|x86
		{DEC67BE7-EC74-48E9-AE5E-A30B09C89021}.Debug|x86.Build.0 = Debug|x86
		{DEC67BE7-EC74-48E9-AE5E-A30B09C89021}.Debug|x86.Deploy.0 = Debug|x86
		{DEC67BE7-EC74-48E9-AE5E-A30B09C89021}.Release|Any CPU.ActiveCfg = Release|Any CPU
		{DEC67BE7-EC74-48E9-AE5E-A30B09C89021}.Release|Any CPU.Build.0 = Release|Any CPU
		{DEC67BE7-EC74-48E9-AE5E-A30B09C89021}.Release|Any CPU.Deploy.0 = Release|Any CPU
		{DEC67BE7-EC74-48E9-AE5E-A30B09C89021}.Release|ARM.ActiveCfg = Release|ARM
		{DEC67BE7-EC74-48E9-AE5E-A30B09C89021}.Release|ARM.Build.0 = Release|ARM
		{DEC67BE7-EC74-48E9-AE5E-A30B09C89021}.Release|ARM.Deploy.0 = Release|ARM
		{DEC67BE7-EC74-48E9-AE5E-A30B09C89021}.Release|x64.ActiveCfg = Release|Any CPU
		{DEC67BE7-EC74-48E9-AE5E-A30B09C89021}.Release|x86.ActiveCfg = Release|x86
		{DEC67BE7-EC74-48E9-AE5E-A30B09C89021}.Release|x86.Build.0 = Release|x86
		{DEC67BE7-EC74-48E9-AE5E-A30B09C89021}.Release|x86.Deploy.0 = Release|x86
		{072C4CA3-988B-4487-9080-E3187745ED50}.Debug|Any CPU.ActiveCfg = Debug|Any CPU
		{072C4CA3-988B-4487-9080-E3187745ED50}.Debug|Any CPU.Build.0 = Debug|Any CPU
		{072C4CA3-988B-4487-9080-E3187745ED50}.Debug|Any CPU.Deploy.0 = Debug|Any CPU
		{072C4CA3-988B-4487-9080-E3187745ED50}.Debug|ARM.ActiveCfg = Debug|ARM
		{072C4CA3-988B-4487-9080-E3187745ED50}.Debug|ARM.Build.0 = Debug|ARM
		{072C4CA3-988B-4487-9080-E3187745ED50}.Debug|ARM.Deploy.0 = Debug|ARM
		{072C4CA3-988B-4487-9080-E3187745ED50}.Debug|x64.ActiveCfg = Debug|x64
		{072C4CA3-988B-4487-9080-E3187745ED50}.Debug|x64.Build.0 = Debug|x64
		{072C4CA3-988B-4487-9080-E3187745ED50}.Debug|x64.Deploy.0 = Debug|x64
		{072C4CA3-988B-4487-9080-E3187745ED50}.Debug|x86.ActiveCfg = Debug|x86
		{072C4CA3-988B-4487-9080-E3187745ED50}.Debug|x86.Build.0 = Debug|x86
		{072C4CA3-988B-4487-9080-E3187745ED50}.Debug|x86.Deploy.0 = Debug|x86
		{072C4CA3-988B-4487-9080-E3187745ED50}.Release|Any CPU.ActiveCfg = Release|Any CPU
		{072C4CA3-988B-4487-9080-E3187745ED50}.Release|Any CPU.Build.0 = Release|Any CPU
		{072C4CA3-988B-4487-9080-E3187745ED50}.Release|Any CPU.Deploy.0 = Release|Any CPU
		{072C4CA3-988B-4487-9080-E3187745ED50}.Release|ARM.ActiveCfg = Release|ARM
		{072C4CA3-988B-4487-9080-E3187745ED50}.Release|ARM.Build.0 = Release|ARM
		{072C4CA3-988B-4487-9080-E3187745ED50}.Release|ARM.Deploy.0 = Release|ARM
		{072C4CA3-988B-4487-9080-E3187745ED50}.Release|x64.ActiveCfg = Release|x64
		{072C4CA3-988B-4487-9080-E3187745ED50}.Release|x64.Build.0 = Release|x64
		{072C4CA3-988B-4487-9080-E3187745ED50}.Release|x64.Deploy.0 = Release|x64
		{072C4CA3-988B-4487-9080-E3187745ED50}.Release|x86.ActiveCfg = Release|x86
		{072C4CA3-988B-4487-9080-E3187745ED50}.Release|x86.Build.0 = Release|x86
		{072C4CA3-988B-4487-9080-E3187745ED50}.Release|x86.Deploy.0 = Release|x86
		{EC3B9C30-0158-4A60-9E18-B6BDC09FD79A}.Debug|Any CPU.ActiveCfg = Debug|Any CPU
		{EC3B9C30-0158-4A60-9E18-B6BDC09FD79A}.Debug|Any CPU.Build.0 = Debug|Any CPU
		{EC3B9C30-0158-4A60-9E18-B6BDC09FD79A}.Debug|ARM.ActiveCfg = Debug|Any CPU
		{EC3B9C30-0158-4A60-9E18-B6BDC09FD79A}.Debug|x64.ActiveCfg = Debug|Any CPU
		{EC3B9C30-0158-4A60-9E18-B6BDC09FD79A}.Debug|x86.ActiveCfg = Debug|Any CPU
		{EC3B9C30-0158-4A60-9E18-B6BDC09FD79A}.Release|Any CPU.ActiveCfg = Release|Any CPU
		{EC3B9C30-0158-4A60-9E18-B6BDC09FD79A}.Release|Any CPU.Build.0 = Release|Any CPU
		{EC3B9C30-0158-4A60-9E18-B6BDC09FD79A}.Release|ARM.ActiveCfg = Release|Any CPU
		{EC3B9C30-0158-4A60-9E18-B6BDC09FD79A}.Release|x64.ActiveCfg = Release|Any CPU
		{EC3B9C30-0158-4A60-9E18-B6BDC09FD79A}.Release|x86.ActiveCfg = Release|Any CPU
	EndGlobalSection
	GlobalSection(SolutionProperties) = preSolution
		HideSolutionNode = FALSE
	EndGlobalSection
	GlobalSection(NestedProjects) = preSolution
		{515F724D-3C95-453F-93B9-6B1CF64FE9C2} = {723D4AC7-52CF-4A83-B29C-F72768422EE3}
		{7E82A7A2-C040-4453-B5BD-CC1861470227} = {4605E6AC-7D5D-41E9-BE16-7DFCA4F37BD5}
		{DEC67BE7-EC74-48E9-AE5E-A30B09C89021} = {4605E6AC-7D5D-41E9-BE16-7DFCA4F37BD5}
		{072C4CA3-988B-4487-9080-E3187745ED50} = {4605E6AC-7D5D-41E9-BE16-7DFCA4F37BD5}
		{EC3B9C30-0158-4A60-9E18-B6BDC09FD79A} = {4605E6AC-7D5D-41E9-BE16-7DFCA4F37BD5}
	EndGlobalSection
EndGlobal
