
Microsoft Visual Studio Solution File, Format Version 12.00
# Visual Studio 14
VisualStudioVersion = 14.0.25420.1
MinimumVisualStudioVersion = 10.0.40219.1
Project("{2150E333-8FDC-42A3-9474-1A3956D46DE8}") = ".nuget", ".nuget", "{FB0D8904-3526-4D06-82D4-FCB274B45AE5}"
	ProjectSection(SolutionItems) = preProject
		.nuget\NuGet.Config = .nuget\NuGet.Config
		.nuget\NuGet.exe = .nuget\NuGet.exe
		.nuget\NuGet.targets = .nuget\NuGet.targets
	EndProjectSection
EndProject
Project("{2150E333-8FDC-42A3-9474-1A3956D46DE8}") = "Solution Items", "Solution Items", "{5026C128-5127-4F9D-B0B8-DC2EEA55A83D}"
	ProjectSection(SolutionItems) = preProject
		Blink.blinkdb = Blink.blinkdb
		Blink.Notes.txt = Blink.Notes.txt
		Blink.queries = Blink.queries
		Blink.Tables.jpg = Blink.Tables.jpg
	EndProjectSection
EndProject
Project("{2150E333-8FDC-42A3-9474-1A3956D46DE8}") = "BlinkHost", "BlinkHost", "{A86A7466-99C2-414D-B9A0-69A03BE8BC3F}"
EndProject
Project("{FAE04EC0-301F-11D3-BF4B-00C04F79EFBC}") = "BlinkAzure", "Blink.Host\BlinkService\BlinkAzure.csproj", "{209FA716-A7AD-4095-BD70-C8710FC66FA7}"
EndProject
Project("{FAE04EC0-301F-11D3-BF4B-00C04F79EFBC}") = "Blink.Data.Entities", "Blink.Data.Entities\Blink.Data.Entities.csproj", "{9CE20E11-52C2-4A3A-AF2A-1D5616505EAD}"
EndProject
Global
	GlobalSection(SolutionConfigurationPlatforms) = preSolution
		Debug|Any CPU = Debug|Any CPU
		Debug|ARM = Debug|ARM
		Debug|x64 = Debug|x64
		Debug|x86 = Debug|x86
		Release|Any CPU = Release|Any CPU
		Release|ARM = Release|ARM
		Release|x64 = Release|x64
		Release|x86 = Release|x86
	EndGlobalSection
	GlobalSection(ProjectConfigurationPlatforms) = postSolution
		{209FA716-A7AD-4095-BD70-C8710FC66FA7}.Debug|Any CPU.ActiveCfg = Debug|Any CPU
		{209FA716-A7AD-4095-BD70-C8710FC66FA7}.Debug|Any CPU.Build.0 = Debug|Any CPU
		{209FA716-A7AD-4095-BD70-C8710FC66FA7}.Debug|ARM.ActiveCfg = Debug|Any CPU
		{209FA716-A7AD-4095-BD70-C8710FC66FA7}.Debug|ARM.Build.0 = Debug|Any CPU
		{209FA716-A7AD-4095-BD70-C8710FC66FA7}.Debug|x64.ActiveCfg = Debug|Any CPU
		{209FA716-A7AD-4095-BD70-C8710FC66FA7}.Debug|x64.Build.0 = Debug|Any CPU
		{209FA716-A7AD-4095-BD70-C8710FC66FA7}.Debug|x86.ActiveCfg = Debug|Any CPU
		{209FA716-A7AD-4095-BD70-C8710FC66FA7}.Debug|x86.Build.0 = Debug|Any CPU
		{209FA716-A7AD-4095-BD70-C8710FC66FA7}.Release|Any CPU.ActiveCfg = Release|Any CPU
		{209FA716-A7AD-4095-BD70-C8710FC66FA7}.Release|Any CPU.Build.0 = Release|Any CPU
		{209FA716-A7AD-4095-BD70-C8710FC66FA7}.Release|ARM.ActiveCfg = Release|Any CPU
		{209FA716-A7AD-4095-BD70-C8710FC66FA7}.Release|ARM.Build.0 = Release|Any CPU
		{209FA716-A7AD-4095-BD70-C8710FC66FA7}.Release|x64.ActiveCfg = Release|Any CPU
		{209FA716-A7AD-4095-BD70-C8710FC66FA7}.Release|x64.Build.0 = Release|Any CPU
		{209FA716-A7AD-4095-BD70-C8710FC66FA7}.Release|x86.ActiveCfg = Release|Any CPU
		{209FA716-A7AD-4095-BD70-C8710FC66FA7}.Release|x86.Build.0 = Release|Any CPU
		{9CE20E11-52C2-4A3A-AF2A-1D5616505EAD}.Debug|Any CPU.ActiveCfg = Debug|Any CPU
		{9CE20E11-52C2-4A3A-AF2A-1D5616505EAD}.Debug|Any CPU.Build.0 = Debug|Any CPU
		{9CE20E11-52C2-4A3A-AF2A-1D5616505EAD}.Debug|ARM.ActiveCfg = Debug|Any CPU
		{9CE20E11-52C2-4A3A-AF2A-1D5616505EAD}.Debug|ARM.Build.0 = Debug|Any CPU
		{9CE20E11-52C2-4A3A-AF2A-1D5616505EAD}.Debug|x64.ActiveCfg = Debug|Any CPU
		{9CE20E11-52C2-4A3A-AF2A-1D5616505EAD}.Debug|x64.Build.0 = Debug|Any CPU
		{9CE20E11-52C2-4A3A-AF2A-1D5616505EAD}.Debug|x86.ActiveCfg = Debug|Any CPU
		{9CE20E11-52C2-4A3A-AF2A-1D5616505EAD}.Debug|x86.Build.0 = Debug|Any CPU
		{9CE20E11-52C2-4A3A-AF2A-1D5616505EAD}.Release|Any CPU.ActiveCfg = Release|Any CPU
		{9CE20E11-52C2-4A3A-AF2A-1D5616505EAD}.Release|Any CPU.Build.0 = Release|Any CPU
		{9CE20E11-52C2-4A3A-AF2A-1D5616505EAD}.Release|ARM.ActiveCfg = Release|Any CPU
		{9CE20E11-52C2-4A3A-AF2A-1D5616505EAD}.Release|ARM.Build.0 = Release|Any CPU
		{9CE20E11-52C2-4A3A-AF2A-1D5616505EAD}.Release|x64.ActiveCfg = Release|Any CPU
		{9CE20E11-52C2-4A3A-AF2A-1D5616505EAD}.Release|x64.Build.0 = Release|Any CPU
		{9CE20E11-52C2-4A3A-AF2A-1D5616505EAD}.Release|x86.ActiveCfg = Release|Any CPU
		{9CE20E11-52C2-4A3A-AF2A-1D5616505EAD}.Release|x86.Build.0 = Release|Any CPU
	EndGlobalSection
	GlobalSection(SolutionProperties) = preSolution
		HideSolutionNode = FALSE
	EndGlobalSection
	GlobalSection(NestedProjects) = preSolution
		{209FA716-A7AD-4095-BD70-C8710FC66FA7} = {A86A7466-99C2-414D-B9A0-69A03BE8BC3F}
	EndGlobalSection
EndGlobal
